
Microsoft Visual Studio Solution File, Format Version 12.00
# Visual Studio Version 17
VisualStudioVersion = 17.6.33723.286
MinimumVisualStudioVersion = 10.0.40219.1
Project("{9A19103F-16F7-4668-BE54-9A1E7A4F7556}") = "Authorization.Basics", "Authorization.Basics\Authorization.Basics.csproj", "{6F2AD319-7394-4444-BD2A-1A219D0429D2}"
EndProject
Project("{9A19103F-16F7-4668-BE54-9A1E7A4F7556}") = "Authentication.Roles", "Authentication.Roles\Authentication.Roles.csproj", "{C28ACA31-922F-4D62-A747-F5AC9818882D}"
EndProject
Project("{9A19103F-16F7-4668-BE54-9A1E7A4F7556}") = "Authorization.Database", "Authorization.Database\Authorization.Database.csproj", "{4D20094E-BB71-497B-BD1F-237411261B2D}"
EndProject
Project("{9A19103F-16F7-4668-BE54-9A1E7A4F7556}") = "Authorization.FacebookDemo", "Authorization.FacebookDemo\Authorization.FacebookDemo.csproj", "{EE6037EE-665D-4836-909E-29B9D27DBDA4}"
EndProject
Global
	GlobalSection(SolutionConfigurationPlatforms) = preSolution
		Debug|Any CPU = Debug|Any CPU
		Release|Any CPU = Release|Any CPU
	EndGlobalSection
	GlobalSection(ProjectConfigurationPlatforms) = postSolution
		{6F2AD319-7394-4444-BD2A-1A219D0429D2}.Debug|Any CPU.ActiveCfg = Debug|Any CPU
		{6F2AD319-7394-4444-BD2A-1A219D0429D2}.Debug|Any CPU.Build.0 = Debug|Any CPU
		{6F2AD319-7394-4444-BD2A-1A219D0429D2}.Release|Any CPU.ActiveCfg = Release|Any CPU
		{6F2AD319-7394-4444-BD2A-1A219D0429D2}.Release|Any CPU.Build.0 = Release|Any CPU
		{C28ACA31-922F-4D62-A747-F5AC9818882D}.Debug|Any CPU.ActiveCfg = Debug|Any CPU
		{C28ACA31-922F-4D62-A747-F5AC9818882D}.Debug|Any CPU.Build.0 = Debug|Any CPU
		{C28ACA31-922F-4D62-A747-F5AC9818882D}.Release|Any CPU.ActiveCfg = Release|Any CPU
		{C28ACA31-922F-4D62-A747-F5AC9818882D}.Release|Any CPU.Build.0 = Release|Any CPU
		{4D20094E-BB71-497B-BD1F-237411261B2D}.Debug|Any CPU.ActiveCfg = Debug|Any CPU
		{4D20094E-BB71-497B-BD1F-237411261B2D}.Debug|Any CPU.Build.0 = Debug|Any CPU
		{4D20094E-BB71-497B-BD1F-237411261B2D}.Release|Any CPU.ActiveCfg = Release|Any CPU
		{4D20094E-BB71-497B-BD1F-237411261B2D}.Release|Any CPU.Build.0 = Release|Any CPU
		{EE6037EE-665D-4836-909E-29B9D27DBDA4}.Debug|Any CPU.ActiveCfg = Debug|Any CPU
		{EE6037EE-665D-4836-909E-29B9D27DBDA4}.Debug|Any CPU.Build.0 = Debug|Any CPU
		{EE6037EE-665D-4836-909E-29B9D27DBDA4}.Release|Any CPU.ActiveCfg = Release|Any CPU
		{EE6037EE-665D-4836-909E-29B9D27DBDA4}.Release|Any CPU.Build.0 = Release|Any CPU
	EndGlobalSection
	GlobalSection(SolutionProperties) = preSolution
		HideSolutionNode = FALSE
	EndGlobalSection
	GlobalSection(ExtensibilityGlobals) = postSolution
		SolutionGuid = {5ADC6A06-FDDE-45E5-B413-7F57CE7874D9}
	EndGlobalSection
EndGlobal
